
Microsoft Visual Studio Solution File, Format Version 12.00
# Visual Studio Version 16
VisualStudioVersion = 16.0.31729.503
MinimumVisualStudioVersion = 10.0.40219.1
Project("{FAE04EC0-301F-11D3-BF4B-00C04F79EFBC}") = "Lab7", "Lab7\Lab7.csproj", "{9C345966-5FD5-4D04-8E29-165FE1274509}"
EndProject
Project("{FAE04EC0-301F-11D3-BF4B-00C04F79EFBC}") = "Lab7UnitTests", "Lab7UnitTests\Lab7UnitTests.csproj", "{5088F947-01F8-46F6-BD82-5408833DFB81}"
EndProject
Global
	GlobalSection(SolutionConfigurationPlatforms) = preSolution
		Debug|Any CPU = Debug|Any CPU
		Release|Any CPU = Release|Any CPU
	EndGlobalSection
	GlobalSection(ProjectConfigurationPlatforms) = postSolution
		{9C345966-5FD5-4D04-8E29-165FE1274509}.Debug|Any CPU.ActiveCfg = Debug|Any CPU
		{9C345966-5FD5-4D04-8E29-165FE1274509}.Debug|Any CPU.Build.0 = Debug|Any CPU
		{9C345966-5FD5-4D04-8E29-165FE1274509}.Release|Any CPU.ActiveCfg = Release|Any CPU
		{9C345966-5FD5-4D04-8E29-165FE1274509}.Release|Any CPU.Build.0 = Release|Any CPU
		{5088F947-01F8-46F6-BD82-5408833DFB81}.Debug|Any CPU.ActiveCfg = Debug|Any CPU
		{5088F947-01F8-46F6-BD82-5408833DFB81}.Debug|Any CPU.Build.0 = Debug|Any CPU
		{5088F947-01F8-46F6-BD82-5408833DFB81}.Release|Any CPU.ActiveCfg = Release|Any CPU
		{5088F947-01F8-46F6-BD82-5408833DFB81}.Release|Any CPU.Build.0 = Release|Any CPU
	EndGlobalSection
	GlobalSection(SolutionProperties) = preSolution
		HideSolutionNode = FALSE
	EndGlobalSection
	GlobalSection(ExtensibilityGlobals) = postSolution
		SolutionGuid = {DC476A8B-D666-4162-A351-387C750C9D44}
	EndGlobalSection
EndGlobal
